// !$*UTF8*$!
{
	archiveVersion = 1;
	classes = {
	};
	objectVersion = 46;
	objects = {

/* Begin PBXBuildFile section */
		E6230C49193296D400669726 /* Foundation.framework in Frameworks */ = {isa = PBXBuildFile; fileRef = E6230C48193296D400669726 /* Foundation.framework */; };
		E6230C4B193296D400669726 /* CoreGraphics.framework in Frameworks */ = {isa = PBXBuildFile; fileRef = E6230C4A193296D400669726 /* CoreGraphics.framework */; };
		E6230C4D193296D400669726 /* UIKit.framework in Frameworks */ = {isa = PBXBuildFile; fileRef = E6230C4C193296D400669726 /* UIKit.framework */; };
		E6230C53193296D400669726 /* InfoPlist.strings in Resources */ = {isa = PBXBuildFile; fileRef = E6230C51193296D400669726 /* InfoPlist.strings */; };
		E6230C55193296D400669726 /* main.m in Sources */ = {isa = PBXBuildFile; fileRef = E6230C54193296D400669726 /* main.m */; };
		E6230C59193296D400669726 /* UAAppDelegate.m in Sources */ = {isa = PBXBuildFile; fileRef = E6230C58193296D400669726 /* UAAppDelegate.m */; };
		E6230C5C193296D400669726 /* Main.storyboard in Resources */ = {isa = PBXBuildFile; fileRef = E6230C5A193296D400669726 /* Main.storyboard */; };
		E6230C5F193296D400669726 /* UAViewController.m in Sources */ = {isa = PBXBuildFile; fileRef = E6230C5E193296D400669726 /* UAViewController.m */; };
		E6230C61193296D400669726 /* Images.xcassets in Resources */ = {isa = PBXBuildFile; fileRef = E6230C60193296D400669726 /* Images.xcassets */; };
		E6230C68193296D500669726 /* XCTest.framework in Frameworks */ = {isa = PBXBuildFile; fileRef = E6230C67193296D500669726 /* XCTest.framework */; };
		E6230C69193296D500669726 /* Foundation.framework in Frameworks */ = {isa = PBXBuildFile; fileRef = E6230C48193296D400669726 /* Foundation.framework */; };
		E6230C6A193296D500669726 /* UIKit.framework in Frameworks */ = {isa = PBXBuildFile; fileRef = E6230C4C193296D400669726 /* UIKit.framework */; };
		E6230C72193296D500669726 /* InfoPlist.strings in Resources */ = {isa = PBXBuildFile; fileRef = E6230C70193296D500669726 /* InfoPlist.strings */; };
		E6230C74193296D500669726 /* UACircularProgressView_ExampleTests.m in Sources */ = {isa = PBXBuildFile; fileRef = E6230C73193296D500669726 /* UACircularProgressView_ExampleTests.m */; };
/* End PBXBuildFile section */

/* Begin PBXContainerItemProxy section */
		E6230C6B193296D500669726 /* PBXContainerItemProxy */ = {
			isa = PBXContainerItemProxy;
			containerPortal = E6230C3D193296D400669726 /* Project object */;
			proxyType = 1;
			remoteGlobalIDString = E6230C44193296D400669726;
			remoteInfo = "UACircularProgressView-Example";
		};
/* End PBXContainerItemProxy section */

/* Begin PBXFileReference section */
		E6230C45193296D400669726 /* UACircularProgressView-Example.app */ = {isa = PBXFileReference; explicitFileType = wrapper.application; includeInIndex = 0; path = "UACircularProgressView-Example.app"; sourceTree = BUILT_PRODUCTS_DIR; };
		E6230C48193296D400669726 /* Foundation.framework */ = {isa = PBXFileReference; lastKnownFileType = wrapper.framework; name = Foundation.framework; path = System/Library/Frameworks/Foundation.framework; sourceTree = SDKROOT; };
		E6230C4A193296D400669726 /* CoreGraphics.framework */ = {isa = PBXFileReference; lastKnownFileType = wrapper.framework; name = CoreGraphics.framework; path = System/Library/Frameworks/CoreGraphics.framework; sourceTree = SDKROOT; };
		E6230C4C193296D400669726 /* UIKit.framework */ = {isa = PBXFileReference; lastKnownFileType = wrapper.framework; name = UIKit.framework; path = System/Library/Frameworks/UIKit.framework; sourceTree = SDKROOT; };
		E6230C50193296D400669726 /* UACircularProgressView-Example-Info.plist */ = {isa = PBXFileReference; lastKnownFileType = text.plist.xml; path = "UACircularProgressView-Example-Info.plist"; sourceTree = "<group>"; };
		E6230C52193296D400669726 /* en */ = {isa = PBXFileReference; lastKnownFileType = text.plist.strings; name = en; path = en.lproj/InfoPlist.strings; sourceTree = "<group>"; };
		E6230C54193296D400669726 /* main.m */ = {isa = PBXFileReference; lastKnownFileType = sourcecode.c.objc; path = main.m; sourceTree = "<group>"; };
		E6230C56193296D400669726 /* UACircularProgressView-Example-Prefix.pch */ = {isa = PBXFileReference; lastKnownFileType = sourcecode.c.h; path = "UACircularProgressView-Example-Prefix.pch"; sourceTree = "<group>"; };
		E6230C57193296D400669726 /* UAAppDelegate.h */ = {isa = PBXFileReference; lastKnownFileType = sourcecode.c.h; path = UAAppDelegate.h; sourceTree = "<group>"; };
		E6230C58193296D400669726 /* UAAppDelegate.m */ = {isa = PBXFileReference; lastKnownFileType = sourcecode.c.objc; path = UAAppDelegate.m; sourceTree = "<group>"; };
		E6230C5B193296D400669726 /* Base */ = {isa = PBXFileReference; lastKnownFileType = file.storyboard; name = Base; path = Base.lproj/Main.storyboard; sourceTree = "<group>"; };
		E6230C5D193296D400669726 /* UAViewController.h */ = {isa = PBXFileReference; lastKnownFileType = sourcecode.c.h; path = UAViewController.h; sourceTree = "<group>"; };
		E6230C5E193296D400669726 /* UAViewController.m */ = {isa = PBXFileReference; lastKnownFileType = sourcecode.c.objc; path = UAViewController.m; sourceTree = "<group>"; };
		E6230C60193296D400669726 /* Images.xcassets */ = {isa = PBXFileReference; lastKnownFileType = folder.assetcatalog; path = Images.xcassets; sourceTree = "<group>"; };
		E6230C66193296D500669726 /* UACircularProgressView-ExampleTests.xctest */ = {isa = PBXFileReference; explicitFileType = wrapper.cfbundle; includeInIndex = 0; path = "UACircularProgressView-ExampleTests.xctest"; sourceTree = BUILT_PRODUCTS_DIR; };
		E6230C67193296D500669726 /* XCTest.framework */ = {isa = PBXFileReference; lastKnownFileType = wrapper.framework; name = XCTest.framework; path = Library/Frameworks/XCTest.framework; sourceTree = DEVELOPER_DIR; };
		E6230C6F193296D500669726 /* UACircularProgressView-ExampleTests-Info.plist */ = {isa = PBXFileReference; lastKnownFileType = text.plist.xml; path = "UACircularProgressView-ExampleTests-Info.plist"; sourceTree = "<group>"; };
		E6230C71193296D500669726 /* en */ = {isa = PBXFileReference; lastKnownFileType = text.plist.strings; name = en; path = en.lproj/InfoPlist.strings; sourceTree = "<group>"; };
		E6230C73193296D500669726 /* UACircularProgressView_ExampleTests.m */ = {isa = PBXFileReference; lastKnownFileType = sourcecode.c.objc; path = UACircularProgressView_ExampleTests.m; sourceTree = "<group>"; };
/* End PBXFileReference section */

/* Begin PBXFrameworksBuildPhase section */
		E6230C42193296D400669726 /* Frameworks */ = {
			isa = PBXFrameworksBuildPhase;
			buildActionMask = 2147483647;
			files = (
				E6230C4B193296D400669726 /* CoreGraphics.framework in Frameworks */,
				E6230C4D193296D400669726 /* UIKit.framework in Frameworks */,
				E6230C49193296D400669726 /* Foundation.framework in Frameworks */,
			);
			runOnlyForDeploymentPostprocessing = 0;
		};
		E6230C63193296D500669726 /* Frameworks */ = {
			isa = PBXFrameworksBuildPhase;
			buildActionMask = 2147483647;
			files = (
				E6230C68193296D500669726 /* XCTest.framework in Frameworks */,
				E6230C6A193296D500669726 /* UIKit.framework in Frameworks */,
				E6230C69193296D500669726 /* Foundation.framework in Frameworks */,
			);
			runOnlyForDeploymentPostprocessing = 0;
		};
/* End PBXFrameworksBuildPhase section */

/* Begin PBXGroup section */
		E6230C3C193296D400669726 = {
			isa = PBXGroup;
			children = (
				E6230C4E193296D400669726 /* UACircularProgressView-Example */,
				E6230C6D193296D500669726 /* UACircularProgressView-ExampleTests */,
				E6230C47193296D400669726 /* Frameworks */,
				E6230C46193296D400669726 /* Products */,
			);
			sourceTree = "<group>";
		};
		E6230C46193296D400669726 /* Products */ = {
			isa = PBXGroup;
			children = (
				E6230C45193296D400669726 /* UACircularProgressView-Example.app */,
				E6230C66193296D500669726 /* UACircularProgressView-ExampleTests.xctest */,
			);
			name = Products;
			sourceTree = "<group>";
		};
		E6230C47193296D400669726 /* Frameworks */ = {
			isa = PBXGroup;
			children = (
				E6230C48193296D400669726 /* Foundation.framework */,
				E6230C4A193296D400669726 /* CoreGraphics.framework */,
				E6230C4C193296D400669726 /* UIKit.framework */,
				E6230C67193296D500669726 /* XCTest.framework */,
			);
			name = Frameworks;
			sourceTree = "<group>";
		};
		E6230C4E193296D400669726 /* UACircularProgressView-Example */ = {
			isa = PBXGroup;
			children = (
				E6230C57193296D400669726 /* UAAppDelegate.h */,
				E6230C58193296D400669726 /* UAAppDelegate.m */,
				E6230C5A193296D400669726 /* Main.storyboard */,
				E6230C5D193296D400669726 /* UAViewController.h */,
				E6230C5E193296D400669726 /* UAViewController.m */,
				E6230C60193296D400669726 /* Images.xcassets */,
				E6230C4F193296D400669726 /* Supporting Files */,
			);
			path = "UACircularProgressView-Example";
			sourceTree = "<group>";
		};
		E6230C4F193296D400669726 /* Supporting Files */ = {
			isa = PBXGroup;
			children = (
				E6230C50193296D400669726 /* UACircularProgressView-Example-Info.plist */,
				E6230C51193296D400669726 /* InfoPlist.strings */,
				E6230C54193296D400669726 /* main.m */,
				E6230C56193296D400669726 /* UACircularProgressView-Example-Prefix.pch */,
			);
			name = "Supporting Files";
			sourceTree = "<group>";
		};
		E6230C6D193296D500669726 /* UACircularProgressView-ExampleTests */ = {
			isa = PBXGroup;
			children = (
				E6230C73193296D500669726 /* UACircularProgressView_ExampleTests.m */,
				E6230C6E193296D500669726 /* Supporting Files */,
			);
			path = "UACircularProgressView-ExampleTests";
			sourceTree = "<group>";
		};
		E6230C6E193296D500669726 /* Supporting Files */ = {
			isa = PBXGroup;
			children = (
				E6230C6F193296D500669726 /* UACircularProgressView-ExampleTests-Info.plist */,
				E6230C70193296D500669726 /* InfoPlist.strings */,
			);
			name = "Supporting Files";
			sourceTree = "<group>";
		};
/* End PBXGroup section */

/* Begin PBXNativeTarget section */
		E6230C44193296D400669726 /* UACircularProgressView-Example */ = {
			isa = PBXNativeTarget;
			buildConfigurationList = E6230C77193296D500669726 /* Build configuration list for PBXNativeTarget "UACircularProgressView-Example" */;
			buildPhases = (
				E6230C41193296D400669726 /* Sources */,
				E6230C42193296D400669726 /* Frameworks */,
				E6230C43193296D400669726 /* Resources */,
			);
			buildRules = (
			);
			dependencies = (
			);
			name = "UACircularProgressView-Example";
			productName = "UACircularProgressView-Example";
			productReference = E6230C45193296D400669726 /* UACircularProgressView-Example.app */;
			productType = "com.apple.product-type.application";
		};
		E6230C65193296D500669726 /* UACircularProgressView-ExampleTests */ = {
			isa = PBXNativeTarget;
			buildConfigurationList = E6230C7A193296D500669726 /* Build configuration list for PBXNativeTarget "UACircularProgressView-ExampleTests" */;
			buildPhases = (
				E6230C62193296D500669726 /* Sources */,
				E6230C63193296D500669726 /* Frameworks */,
				E6230C64193296D500669726 /* Resources */,
			);
			buildRules = (
			);
			dependencies = (
				E6230C6C193296D500669726 /* PBXTargetDependency */,
			);
			name = "UACircularProgressView-ExampleTests";
			productName = "UACircularProgressView-ExampleTests";
			productReference = E6230C66193296D500669726 /* UACircularProgressView-ExampleTests.xctest */;
			productType = "com.apple.product-type.bundle.unit-test";
		};
/* End PBXNativeTarget section */

/* Begin PBXProject section */
		E6230C3D193296D400669726 /* Project object */ = {
			isa = PBXProject;
			attributes = {
				CLASSPREFIX = UA;
				LastUpgradeCheck = 0510;
				ORGANIZATIONNAME = "Urban Apps";
				TargetAttributes = {
					E6230C65193296D500669726 = {
						TestTargetID = E6230C44193296D400669726;
					};
				};
			};
			buildConfigurationList = E6230C40193296D400669726 /* Build configuration list for PBXProject "UACircularProgressView-Example" */;
			compatibilityVersion = "Xcode 3.2";
			developmentRegion = English;
			hasScannedForEncodings = 0;
			knownRegions = (
				en,
				Base,
			);
			mainGroup = E6230C3C193296D400669726;
			productRefGroup = E6230C46193296D400669726 /* Products */;
			projectDirPath = "";
			projectRoot = "";
			targets = (
				E6230C44193296D400669726 /* UACircularProgressView-Example */,
				E6230C65193296D500669726 /* UACircularProgressView-ExampleTests */,
			);
		};
/* End PBXProject section */

/* Begin PBXResourcesBuildPhase section */
		E6230C43193296D400669726 /* Resources */ = {
			isa = PBXResourcesBuildPhase;
			buildActionMask = 2147483647;
			files = (
				E6230C61193296D400669726 /* Images.xcassets in Resources */,
				E6230C53193296D400669726 /* InfoPlist.strings in Resources */,
				E6230C5C193296D400669726 /* Main.storyboard in Resources */,
			);
			runOnlyForDeploymentPostprocessing = 0;
		};
		E6230C64193296D500669726 /* Resources */ = {
			isa = PBXResourcesBuildPhase;
			buildActionMask = 2147483647;
			files = (
				E6230C72193296D500669726 /* InfoPlist.strings in Resources */,
			);
			runOnlyForDeploymentPostprocessing = 0;
		};
/* End PBXResourcesBuildPhase section */

/* Begin PBXSourcesBuildPhase section */
		E6230C41193296D400669726 /* Sources */ = {
			isa = PBXSourcesBuildPhase;
			buildActionMask = 2147483647;
			files = (
				E6230C59193296D400669726 /* UAAppDelegate.m in Sources */,
				E6230C55193296D400669726 /* main.m in Sources */,
				E6230C5F193296D400669726 /* UAViewController.m in Sources */,
			);
			runOnlyForDeploymentPostprocessing = 0;
		};
		E6230C62193296D500669726 /* Sources */ = {
			isa = PBXSourcesBuildPhase;
			buildActionMask = 2147483647;
			files = (
				E6230C74193296D500669726 /* UACircularProgressView_ExampleTests.m in Sources */,
			);
			runOnlyForDeploymentPostprocessing = 0;
		};
/* End PBXSourcesBuildPhase section */

/* Begin PBXTargetDependency section */
		E6230C6C193296D500669726 /* PBXTargetDependency */ = {
			isa = PBXTargetDependency;
			target = E6230C44193296D400669726 /* UACircularProgressView-Example */;
			targetProxy = E6230C6B193296D500669726 /* PBXContainerItemProxy */;
		};
/* End PBXTargetDependency section */

/* Begin PBXVariantGroup section */
		E6230C51193296D400669726 /* InfoPlist.strings */ = {
			isa = PBXVariantGroup;
			children = (
				E6230C52193296D400669726 /* en */,
			);
			name = InfoPlist.strings;
			sourceTree = "<group>";
		};
		E6230C5A193296D400669726 /* Main.storyboard */ = {
			isa = PBXVariantGroup;
			children = (
				E6230C5B193296D400669726 /* Base */,
			);
			name = Main.storyboard;
			sourceTree = "<group>";
		};
		E6230C70193296D500669726 /* InfoPlist.strings */ = {
			isa = PBXVariantGroup;
			children = (
				E6230C71193296D500669726 /* en */,
			);
			name = InfoPlist.strings;
			sourceTree = "<group>";
		};
/* End PBXVariantGroup section */

/* Begin XCBuildConfiguration section */
		E6230C75193296D500669726 /* Debug */ = {
			isa = XCBuildConfiguration;
			buildSettings = {
				ALWAYS_SEARCH_USER_PATHS = NO;
				CLANG_CXX_LANGUAGE_STANDARD = "gnu++0x";
				CLANG_CXX_LIBRARY = "libc++";
				CLANG_ENABLE_MODULES = YES;
				CLANG_ENABLE_OBJC_ARC = YES;
				CLANG_WARN_BOOL_CONVERSION = YES;
				CLANG_WARN_CONSTANT_CONVERSION = YES;
				CLANG_WARN_DIRECT_OBJC_ISA_USAGE = YES_ERROR;
				CLANG_WARN_EMPTY_BODY = YES;
				CLANG_WARN_ENUM_CONVERSION = YES;
				CLANG_WARN_INT_CONVERSION = YES;
				CLANG_WARN_OBJC_ROOT_CLASS = YES_ERROR;
				CLANG_WARN__DUPLICATE_METHOD_MATCH = YES;
				"CODE_SIGN_IDENTITY[sdk=iphoneos*]" = "iPhone Developer";
				COPY_PHASE_STRIP = NO;
				GCC_C_LANGUAGE_STANDARD = gnu99;
				GCC_DYNAMIC_NO_PIC = NO;
				GCC_OPTIMIZATION_LEVEL = 0;
				GCC_PREPROCESSOR_DEFINITIONS = (
					"DEBUG=1",
					"$(inherited)",
				);
				GCC_SYMBOLS_PRIVATE_EXTERN = NO;
				GCC_WARN_64_TO_32_BIT_CONVERSION = YES;
				GCC_WARN_ABOUT_RETURN_TYPE = YES_ERROR;
				GCC_WARN_UNDECLARED_SELECTOR = YES;
				GCC_WARN_UNINITIALIZED_AUTOS = YES_AGGRESSIVE;
				GCC_WARN_UNUSED_FUNCTION = YES;
				GCC_WARN_UNUSED_VARIABLE = YES;
				IPHONEOS_DEPLOYMENT_TARGET = 7.1;
				ONLY_ACTIVE_ARCH = YES;
				SDKROOT = iphoneos;
			};
			name = Debug;
		};
		E6230C76193296D500669726 /* Release */ = {
			isa = XCBuildConfiguration;
			buildSettings = {
				ALWAYS_SEARCH_USER_PATHS = NO;
				CLANG_CXX_LANGUAGE_STANDARD = "gnu++0x";
				CLANG_CXX_LIBRARY = "libc++";
				CLANG_ENABLE_MODULES = YES;
				CLANG_ENABLE_OBJC_ARC = YES;
				CLANG_WARN_BOOL_CONVERSION = YES;
				CLANG_WARN_CONSTANT_CONVERSION = YES;
				CLANG_WARN_DIRECT_OBJC_ISA_USAGE = YES_ERROR;
				CLANG_WARN_EMPTY_BODY = YES;
				CLANG_WARN_ENUM_CONVERSION = YES;
				CLANG_WARN_INT_CONVERSION = YES;
				CLANG_WARN_OBJC_ROOT_CLASS = YES_ERROR;
				CLANG_WARN__DUPLICATE_METHOD_MATCH = YES;
				"CODE_SIGN_IDENTITY[sdk=iphoneos*]" = "iPhone Developer";
				COPY_PHASE_STRIP = YES;
				ENABLE_NS_ASSERTIONS = NO;
				GCC_C_LANGUAGE_STANDARD = gnu99;
				GCC_WARN_64_TO_32_BIT_CONVERSION = YES;
				GCC_WARN_ABOUT_RETURN_TYPE = YES_ERROR;
				GCC_WARN_UNDECLARED_SELECTOR = YES;
				GCC_WARN_UNINITIALIZED_AUTOS = YES_AGGRESSIVE;
				GCC_WARN_UNUSED_FUNCTION = YES;
				GCC_WARN_UNUSED_VARIABLE = YES;
				IPHONEOS_DEPLOYMENT_TARGET = 7.1;
				SDKROOT = iphoneos;
				VALIDATE_PRODUCT = YES;
			};
			name = Release;
		};
		E6230C78193296D500669726 /* Debug */ = {
			isa = XCBuildConfiguration;
			buildSettings = {
				ASSETCATALOG_COMPILER_APPICON_NAME = AppIcon;
				ASSETCATALOG_COMPILER_LAUNCHIMAGE_NAME = LaunchImage;
				GCC_PRECOMPILE_PREFIX_HEADER = YES;
				GCC_PREFIX_HEADER = "UACircularProgressView-Example/UACircularProgressView-Example-Prefix.pch";
				INFOPLIST_FILE = "UACircularProgressView-Example/UACircularProgressView-Example-Info.plist";
				PRODUCT_NAME = "$(TARGET_NAME)";
				WRAPPER_EXTENSION = app;
			};
			name = Debug;
		};
		E6230C79193296D500669726 /* Release */ = {
			isa = XCBuildConfiguration;
			buildSettings = {
				ASSETCATALOG_COMPILER_APPICON_NAME = AppIcon;
				ASSETCATALOG_COMPILER_LAUNCHIMAGE_NAME = LaunchImage;
				GCC_PRECOMPILE_PREFIX_HEADER = YES;
				GCC_PREFIX_HEADER = "UACircularProgressView-Example/UACircularProgressView-Example-Prefix.pch";
				INFOPLIST_FILE = "UACircularProgressView-Example/UACircularProgressView-Example-Info.plist";
				PRODUCT_NAME = "$(TARGET_NAME)";
				WRAPPER_EXTENSION = app;
			};
			name = Release;
		};
		E6230C7B193296D500669726 /* Debug */ = {
			isa = XCBuildConfiguration;
			buildSettings = {
				BUNDLE_LOADER = "$(BUILT_PRODUCTS_DIR)/UACircularProgressView-Example.app/UACircularProgressView-Example";
				FRAMEWORK_SEARCH_PATHS = (
					"$(SDKROOT)/Developer/Library/Frameworks",
					"$(inherited)",
					"$(DEVELOPER_FRAMEWORKS_DIR)",
				);
				GCC_PRECOMPILE_PREFIX_HEADER = YES;
				GCC_PREFIX_HEADER = "UACircularProgressView-Example/UACircularProgressView-Example-Prefix.pch";
				GCC_PREPROCESSOR_DEFINITIONS = (
					"DEBUG=1",
					"$(inherited)",
				);
				INFOPLIST_FILE = "UACircularProgressView-ExampleTests/UACircularProgressView-ExampleTests-Info.plist";
				PRODUCT_NAME = "$(TARGET_NAME)";
				TEST_HOST = "$(BUNDLE_LOADER)";
				WRAPPER_EXTENSION = xctest;
			};
			name = Debug;
		};
		E6230C7C193296D500669726 /* Release */ = {
			isa = XCBuildConfiguration;
			buildSettings = {
				BUNDLE_LOADER = "$(BUILT_PRODUCTS_DIR)/UACircularProgressView-Example.app/UACircularProgressView-Example";
				FRAMEWORK_SEARCH_PATHS = (
					"$(SDKROOT)/Developer/Library/Frameworks",
					"$(inherited)",
					"$(DEVELOPER_FRAMEWORKS_DIR)",
				);
				GCC_PRECOMPILE_PREFIX_HEADER = YES;
				GCC_PREFIX_HEADER = "UACircularProgressView-Example/UACircularProgressView-Example-Prefix.pch";
				INFOPLIST_FILE = "UACircularProgressView-ExampleTests/UACircularProgressView-ExampleTests-Info.plist";
				PRODUCT_NAME = "$(TARGET_NAME)";
				TEST_HOST = "$(BUNDLE_LOADER)";
				WRAPPER_EXTENSION = xctest;
			};
			name = Release;
		};
/* End XCBuildConfiguration section */

/* Begin XCConfigurationList section */
		E6230C40193296D400669726 /* Build configuration list for PBXProject "UACircularProgressView-Example" */ = {
			isa = XCConfigurationList;
			buildConfigurations = (
				E6230C75193296D500669726 /* Debug */,
				E6230C76193296D500669726 /* Release */,
			);
			defaultConfigurationIsVisible = 0;
			defaultConfigurationName = Release;
		};
		E6230C77193296D500669726 /* Build configuration list for PBXNativeTarget "UACircularProgressView-Example" */ = {
			isa = XCConfigurationList;
			buildConfigurations = (
				E6230C78193296D500669726 /* Debug */,
				E6230C79193296D500669726 /* Release */,
			);
			defaultConfigurationIsVisible = 0;
		};
		E6230C7A193296D500669726 /* Build configuration list for PBXNativeTarget "UACircularProgressView-ExampleTests" */ = {
			isa = XCConfigurationList;
			buildConfigurations = (
				E6230C7B193296D500669726 /* Debug */,
				E6230C7C193296D500669726 /* Release */,
			);
			defaultConfigurationIsVisible = 0;
		};
/* End XCConfigurationList section */
	};
	rootObject = E6230C3D193296D400669726 /* Project object */;
}
