// !$*UTF8*$!
{
	archiveVersion = 1;
	classes = {
	};
	objectVersion = 46;
	objects = {

/* Begin PBXBuildFile section */
		97F6DD5ACE3C4CD9B8D29675 /* libPods.a in Frameworks */ = {isa = PBXBuildFile; fileRef = 7A04A471157B4134A4EFE3DD /* libPods.a */; };
		E6230C49193296D400669726 /* Foundation.framework in Frameworks */ = {isa = PBXBuildFile; fileRef = E6230C48193296D400669726 /* Foundation.framework */; };
		E6230C4B193296D400669726 /* CoreGraphics.framework in Frameworks */ = {isa = PBXBuildFile; fileRef = E6230C4A193296D400669726 /* CoreGraphics.framework */; };
		E6230C4D193296D400669726 /* UIKit.framework in Frameworks */ = {isa = PBXBuildFile; fileRef = E6230C4C193296D400669726 /* UIKit.framework */; };
		E6230C821933681600669726 /* Images.xcassets in Resources */ = {isa = PBXBuildFile; fileRef = E6230C811933681600669726 /* Images.xcassets */; };
		E6230C871933682400669726 /* UAAppDelegate.m in Sources */ = {isa = PBXBuildFile; fileRef = E6230C841933682400669726 /* UAAppDelegate.m */; };
		E6230C881933682400669726 /* UABasicExampleViewController.m in Sources */ = {isa = PBXBuildFile; fileRef = E6230C861933682400669726 /* UABasicExampleViewController.m */; };
		E6230C8B1933683D00669726 /* InfoPlist.strings in Resources */ = {isa = PBXBuildFile; fileRef = E6230C891933683D00669726 /* InfoPlist.strings */; };
		E6230C901933685200669726 /* main.m in Sources */ = {isa = PBXBuildFile; fileRef = E6230C8F1933685200669726 /* main.m */; };
		E6230C931933692500669726 /* Main.storyboard in Resources */ = {isa = PBXBuildFile; fileRef = E6230C911933692500669726 /* Main.storyboard */; };
		E6E248A719338352008ECC2B /* UAAdvancedExampleViewController.m in Sources */ = {isa = PBXBuildFile; fileRef = E6E248A619338352008ECC2B /* UAAdvancedExampleViewController.m */; };
		E6E248A9193388A9008ECC2B /* horn.caf in Resources */ = {isa = PBXBuildFile; fileRef = E6E248A8193388A9008ECC2B /* horn.caf */; };
/* End PBXBuildFile section */

/* Begin PBXFileReference section */
		12C2C2C73D17407185AA8523 /* Pods.xcconfig */ = {isa = PBXFileReference; includeInIndex = 1; lastKnownFileType = text.xcconfig; name = Pods.xcconfig; path = Pods/Pods.xcconfig; sourceTree = "<group>"; };
		7A04A471157B4134A4EFE3DD /* libPods.a */ = {isa = PBXFileReference; explicitFileType = archive.ar; includeInIndex = 0; path = libPods.a; sourceTree = BUILT_PRODUCTS_DIR; };
		E6230C45193296D400669726 /* UAProgressView-Example.app */ = {isa = PBXFileReference; explicitFileType = wrapper.application; includeInIndex = 0; path = "UAProgressView-Example.app"; sourceTree = BUILT_PRODUCTS_DIR; };
		E6230C48193296D400669726 /* Foundation.framework */ = {isa = PBXFileReference; lastKnownFileType = wrapper.framework; name = Foundation.framework; path = System/Library/Frameworks/Foundation.framework; sourceTree = SDKROOT; };
		E6230C4A193296D400669726 /* CoreGraphics.framework */ = {isa = PBXFileReference; lastKnownFileType = wrapper.framework; name = CoreGraphics.framework; path = System/Library/Frameworks/CoreGraphics.framework; sourceTree = SDKROOT; };
		E6230C4C193296D400669726 /* UIKit.framework */ = {isa = PBXFileReference; lastKnownFileType = wrapper.framework; name = UIKit.framework; path = System/Library/Frameworks/UIKit.framework; sourceTree = SDKROOT; };
		E6230C67193296D500669726 /* XCTest.framework */ = {isa = PBXFileReference; lastKnownFileType = wrapper.framework; name = XCTest.framework; path = Library/Frameworks/XCTest.framework; sourceTree = DEVELOPER_DIR; };
		E6230C811933681600669726 /* Images.xcassets */ = {isa = PBXFileReference; lastKnownFileType = folder.assetcatalog; name = Images.xcassets; path = "UAProgressView-Example/Images.xcassets"; sourceTree = SOURCE_ROOT; };
		E6230C831933682400669726 /* UAAppDelegate.h */ = {isa = PBXFileReference; fileEncoding = 4; lastKnownFileType = sourcecode.c.h; name = UAAppDelegate.h; path = "UAProgressView-Example/UAAppDelegate.h"; sourceTree = SOURCE_ROOT; };
		E6230C841933682400669726 /* UAAppDelegate.m */ = {isa = PBXFileReference; fileEncoding = 4; lastKnownFileType = sourcecode.c.objc; name = UAAppDelegate.m; path = "UAProgressView-Example/UAAppDelegate.m"; sourceTree = SOURCE_ROOT; };
		E6230C851933682400669726 /* UABasicExampleViewController.h */ = {isa = PBXFileReference; fileEncoding = 4; lastKnownFileType = sourcecode.c.h; name = UABasicExampleViewController.h; path = "UAProgressView-Example/UABasicExampleViewController.h"; sourceTree = SOURCE_ROOT; };
		E6230C861933682400669726 /* UABasicExampleViewController.m */ = {isa = PBXFileReference; fileEncoding = 4; lastKnownFileType = sourcecode.c.objc; name = UABasicExampleViewController.m; path = "UAProgressView-Example/UABasicExampleViewController.m"; sourceTree = SOURCE_ROOT; };
		E6230C8A1933683D00669726 /* en */ = {isa = PBXFileReference; lastKnownFileType = text.plist.strings; name = en; path = "UAProgressView-Example/en.lproj/InfoPlist.strings"; sourceTree = SOURCE_ROOT; };
		E6230C8C1933684700669726 /* UAProgressView-Example-Info.plist */ = {isa = PBXFileReference; fileEncoding = 4; lastKnownFileType = text.plist.xml; name = "UAProgressView-Example-Info.plist"; path = "UAProgressView-Example/UAProgressView-Example-Info.plist"; sourceTree = SOURCE_ROOT; };
		E6230C8D1933684700669726 /* UAProgressView-Example-Prefix.pch */ = {isa = PBXFileReference; fileEncoding = 4; lastKnownFileType = sourcecode.c.h; name = "UAProgressView-Example-Prefix.pch"; path = "UAProgressView-Example/UAProgressView-Example-Prefix.pch"; sourceTree = SOURCE_ROOT; };
		E6230C8F1933685200669726 /* main.m */ = {isa = PBXFileReference; fileEncoding = 4; lastKnownFileType = sourcecode.c.objc; name = main.m; path = "UAProgressView-Example/main.m"; sourceTree = SOURCE_ROOT; };
		E6230C921933692500669726 /* Base */ = {isa = PBXFileReference; lastKnownFileType = file.storyboard; name = Base; path = "UAProgressView-Example/Base.lproj/Main.storyboard"; sourceTree = SOURCE_ROOT; };
		E6E248A519338352008ECC2B /* UAAdvancedExampleViewController.h */ = {isa = PBXFileReference; fileEncoding = 4; lastKnownFileType = sourcecode.c.h; name = UAAdvancedExampleViewController.h; path = "UAProgressView-Example/UAAdvancedExampleViewController.h"; sourceTree = SOURCE_ROOT; };
		E6E248A619338352008ECC2B /* UAAdvancedExampleViewController.m */ = {isa = PBXFileReference; fileEncoding = 4; lastKnownFileType = sourcecode.c.objc; name = UAAdvancedExampleViewController.m; path = "UAProgressView-Example/UAAdvancedExampleViewController.m"; sourceTree = SOURCE_ROOT; };
		E6E248A8193388A9008ECC2B /* horn.caf */ = {isa = PBXFileReference; lastKnownFileType = file; name = horn.caf; path = "UAProgressView-Example/horn.caf"; sourceTree = SOURCE_ROOT; };
/* End PBXFileReference section */

/* Begin PBXFrameworksBuildPhase section */
		E6230C42193296D400669726 /* Frameworks */ = {
			isa = PBXFrameworksBuildPhase;
			buildActionMask = 2147483647;
			files = (
				E6230C4B193296D400669726 /* CoreGraphics.framework in Frameworks */,
				E6230C4D193296D400669726 /* UIKit.framework in Frameworks */,
				E6230C49193296D400669726 /* Foundation.framework in Frameworks */,
				97F6DD5ACE3C4CD9B8D29675 /* libPods.a in Frameworks */,
			);
			runOnlyForDeploymentPostprocessing = 0;
		};
/* End PBXFrameworksBuildPhase section */

/* Begin PBXGroup section */
		E6230C3C193296D400669726 = {
			isa = PBXGroup;
			children = (
				E6230C4E193296D400669726 /* UAProgressView-Example */,
				E6230C47193296D400669726 /* Frameworks */,
				E6230C46193296D400669726 /* Products */,
				12C2C2C73D17407185AA8523 /* Pods.xcconfig */,
			);
			sourceTree = "<group>";
		};
		E6230C46193296D400669726 /* Products */ = {
			isa = PBXGroup;
			children = (
				E6230C45193296D400669726 /* UAProgressView-Example.app */,
			);
			name = Products;
			sourceTree = "<group>";
		};
		E6230C47193296D400669726 /* Frameworks */ = {
			isa = PBXGroup;
			children = (
				E6230C48193296D400669726 /* Foundation.framework */,
				E6230C4A193296D400669726 /* CoreGraphics.framework */,
				E6230C4C193296D400669726 /* UIKit.framework */,
				E6230C67193296D500669726 /* XCTest.framework */,
				7A04A471157B4134A4EFE3DD /* libPods.a */,
			);
			name = Frameworks;
			sourceTree = "<group>";
		};
		E6230C4E193296D400669726 /* UAProgressView-Example */ = {
			isa = PBXGroup;
			children = (
				E6230C831933682400669726 /* UAAppDelegate.h */,
				E6230C841933682400669726 /* UAAppDelegate.m */,
				E6230C851933682400669726 /* UABasicExampleViewController.h */,
				E6230C861933682400669726 /* UABasicExampleViewController.m */,
				E6E248A519338352008ECC2B /* UAAdvancedExampleViewController.h */,
				E6E248A619338352008ECC2B /* UAAdvancedExampleViewController.m */,
				E6230C811933681600669726 /* Images.xcassets */,
				E6230C911933692500669726 /* Main.storyboard */,
				E6E248A8193388A9008ECC2B /* horn.caf */,
				E6230C4F193296D400669726 /* Supporting Files */,
			);
			name = "UAProgressView-Example";
			path = "UACircularProgressView-Example";
			sourceTree = "<group>";
		};
		E6230C4F193296D400669726 /* Supporting Files */ = {
			isa = PBXGroup;
			children = (
				E6230C891933683D00669726 /* InfoPlist.strings */,
				E6230C8C1933684700669726 /* UAProgressView-Example-Info.plist */,
				E6230C8D1933684700669726 /* UAProgressView-Example-Prefix.pch */,
				E6230C8F1933685200669726 /* main.m */,
			);
			name = "Supporting Files";
			sourceTree = "<group>";
		};
/* End PBXGroup section */

/* Begin PBXNativeTarget section */
		E6230C44193296D400669726 /* UAProgressView-Example */ = {
			isa = PBXNativeTarget;
			buildConfigurationList = E6230C77193296D500669726 /* Build configuration list for PBXNativeTarget "UAProgressView-Example" */;
			buildPhases = (
				C243989CDACE45349F86910B /* Check Pods Manifest.lock */,
				E6230C41193296D400669726 /* Sources */,
				E6230C42193296D400669726 /* Frameworks */,
				E6230C43193296D400669726 /* Resources */,
				A6468924BA8549A1B9F009AD /* Copy Pods Resources */,
			);
			buildRules = (
			);
			dependencies = (
			);
			name = "UAProgressView-Example";
			productName = "UACircularProgressView-Example";
			productReference = E6230C45193296D400669726 /* UAProgressView-Example.app */;
			productType = "com.apple.product-type.application";
		};
/* End PBXNativeTarget section */

/* Begin PBXProject section */
		E6230C3D193296D400669726 /* Project object */ = {
			isa = PBXProject;
			attributes = {
				CLASSPREFIX = UA;
				LastUpgradeCheck = 0510;
				ORGANIZATIONNAME = "Urban Apps";
			};
			buildConfigurationList = E6230C40193296D400669726 /* Build configuration list for PBXProject "UAProgressView-Example" */;
			compatibilityVersion = "Xcode 3.2";
			developmentRegion = English;
			hasScannedForEncodings = 0;
			knownRegions = (
				en,
				Base,
			);
			mainGroup = E6230C3C193296D400669726;
			productRefGroup = E6230C46193296D400669726 /* Products */;
			projectDirPath = "";
			projectRoot = "";
			targets = (
				E6230C44193296D400669726 /* UAProgressView-Example */,
			);
		};
/* End PBXProject section */

/* Begin PBXResourcesBuildPhase section */
		E6230C43193296D400669726 /* Resources */ = {
			isa = PBXResourcesBuildPhase;
			buildActionMask = 2147483647;
			files = (
				E6230C821933681600669726 /* Images.xcassets in Resources */,
				E6230C8B1933683D00669726 /* InfoPlist.strings in Resources */,
				E6230C931933692500669726 /* Main.storyboard in Resources */,
				E6E248A9193388A9008ECC2B /* horn.caf in Resources */,
			);
			runOnlyForDeploymentPostprocessing = 0;
		};
/* End PBXResourcesBuildPhase section */

/* Begin PBXShellScriptBuildPhase section */
		A6468924BA8549A1B9F009AD /* Copy Pods Resources */ = {
			isa = PBXShellScriptBuildPhase;
			buildActionMask = 2147483647;
			files = (
			);
			inputPaths = (
			);
			name = "Copy Pods Resources";
			outputPaths = (
			);
			runOnlyForDeploymentPostprocessing = 0;
			shellPath = /bin/sh;
			shellScript = "\"${SRCROOT}/Pods/Pods-resources.sh\"\n";
			showEnvVarsInLog = 0;
		};
		C243989CDACE45349F86910B /* Check Pods Manifest.lock */ = {
			isa = PBXShellScriptBuildPhase;
			buildActionMask = 2147483647;
			files = (
			);
			inputPaths = (
			);
			name = "Check Pods Manifest.lock";
			outputPaths = (
			);
			runOnlyForDeploymentPostprocessing = 0;
			shellPath = /bin/sh;
			shellScript = "diff \"${PODS_ROOT}/../Podfile.lock\" \"${PODS_ROOT}/Manifest.lock\" > /dev/null\nif [[ $? != 0 ]] ; then\n    cat << EOM\nerror: The sandbox is not in sync with the Podfile.lock. Run 'pod install' or update your CocoaPods installation.\nEOM\n    exit 1\nfi\n";
			showEnvVarsInLog = 0;
		};
/* End PBXShellScriptBuildPhase section */

/* Begin PBXSourcesBuildPhase section */
		E6230C41193296D400669726 /* Sources */ = {
			isa = PBXSourcesBuildPhase;
			buildActionMask = 2147483647;
			files = (
				E6230C901933685200669726 /* main.m in Sources */,
				E6E248A719338352008ECC2B /* UAAdvancedExampleViewController.m in Sources */,
				E6230C881933682400669726 /* UABasicExampleViewController.m in Sources */,
				E6230C871933682400669726 /* UAAppDelegate.m in Sources */,
			);
			runOnlyForDeploymentPostprocessing = 0;
		};
/* End PBXSourcesBuildPhase section */

/* Begin PBXVariantGroup section */
		E6230C891933683D00669726 /* InfoPlist.strings */ = {
			isa = PBXVariantGroup;
			children = (
				E6230C8A1933683D00669726 /* en */,
			);
			name = InfoPlist.strings;
			sourceTree = "<group>";
		};
		E6230C911933692500669726 /* Main.storyboard */ = {
			isa = PBXVariantGroup;
			children = (
				E6230C921933692500669726 /* Base */,
			);
			name = Main.storyboard;
			sourceTree = "<group>";
		};
/* End PBXVariantGroup section */

/* Begin XCBuildConfiguration section */
		E6230C75193296D500669726 /* Debug */ = {
			isa = XCBuildConfiguration;
			buildSettings = {
				ALWAYS_SEARCH_USER_PATHS = NO;
				CLANG_CXX_LANGUAGE_STANDARD = "gnu++0x";
				CLANG_CXX_LIBRARY = "libc++";
				CLANG_ENABLE_MODULES = YES;
				CLANG_ENABLE_OBJC_ARC = YES;
				CLANG_WARN_BOOL_CONVERSION = YES;
				CLANG_WARN_CONSTANT_CONVERSION = YES;
				CLANG_WARN_DIRECT_OBJC_ISA_USAGE = YES_ERROR;
				CLANG_WARN_EMPTY_BODY = YES;
				CLANG_WARN_ENUM_CONVERSION = YES;
				CLANG_WARN_INT_CONVERSION = YES;
				CLANG_WARN_OBJC_ROOT_CLASS = YES_ERROR;
				CLANG_WARN__DUPLICATE_METHOD_MATCH = YES;
				"CODE_SIGN_IDENTITY[sdk=iphoneos*]" = "iPhone Developer";
				COPY_PHASE_STRIP = NO;
				GCC_C_LANGUAGE_STANDARD = gnu99;
				GCC_DYNAMIC_NO_PIC = NO;
				GCC_OPTIMIZATION_LEVEL = 0;
				GCC_PREPROCESSOR_DEFINITIONS = (
					"DEBUG=1",
					"$(inherited)",
				);
				GCC_SYMBOLS_PRIVATE_EXTERN = NO;
				GCC_WARN_64_TO_32_BIT_CONVERSION = YES;
				GCC_WARN_ABOUT_RETURN_TYPE = YES_ERROR;
				GCC_WARN_UNDECLARED_SELECTOR = YES;
				GCC_WARN_UNINITIALIZED_AUTOS = YES_AGGRESSIVE;
				GCC_WARN_UNUSED_FUNCTION = YES;
				GCC_WARN_UNUSED_VARIABLE = YES;
				IPHONEOS_DEPLOYMENT_TARGET = 7.1;
				ONLY_ACTIVE_ARCH = YES;
				SDKROOT = iphoneos;
			};
			name = Debug;
		};
		E6230C76193296D500669726 /* Release */ = {
			isa = XCBuildConfiguration;
			buildSettings = {
				ALWAYS_SEARCH_USER_PATHS = NO;
				CLANG_CXX_LANGUAGE_STANDARD = "gnu++0x";
				CLANG_CXX_LIBRARY = "libc++";
				CLANG_ENABLE_MODULES = YES;
				CLANG_ENABLE_OBJC_ARC = YES;
				CLANG_WARN_BOOL_CONVERSION = YES;
				CLANG_WARN_CONSTANT_CONVERSION = YES;
				CLANG_WARN_DIRECT_OBJC_ISA_USAGE = YES_ERROR;
				CLANG_WARN_EMPTY_BODY = YES;
				CLANG_WARN_ENUM_CONVERSION = YES;
				CLANG_WARN_INT_CONVERSION = YES;
				CLANG_WARN_OBJC_ROOT_CLASS = YES_ERROR;
				CLANG_WARN__DUPLICATE_METHOD_MATCH = YES;
				"CODE_SIGN_IDENTITY[sdk=iphoneos*]" = "iPhone Developer";
				COPY_PHASE_STRIP = YES;
				ENABLE_NS_ASSERTIONS = NO;
				GCC_C_LANGUAGE_STANDARD = gnu99;
				GCC_WARN_64_TO_32_BIT_CONVERSION = YES;
				GCC_WARN_ABOUT_RETURN_TYPE = YES_ERROR;
				GCC_WARN_UNDECLARED_SELECTOR = YES;
				GCC_WARN_UNINITIALIZED_AUTOS = YES_AGGRESSIVE;
				GCC_WARN_UNUSED_FUNCTION = YES;
				GCC_WARN_UNUSED_VARIABLE = YES;
				IPHONEOS_DEPLOYMENT_TARGET = 7.1;
				SDKROOT = iphoneos;
				VALIDATE_PRODUCT = YES;
			};
			name = Release;
		};
		E6230C78193296D500669726 /* Debug */ = {
			isa = XCBuildConfiguration;
			baseConfigurationReference = 12C2C2C73D17407185AA8523 /* Pods.xcconfig */;
			buildSettings = {
				ASSETCATALOG_COMPILER_APPICON_NAME = AppIcon;
				ASSETCATALOG_COMPILER_LAUNCHIMAGE_NAME = LaunchImage;
				GCC_PRECOMPILE_PREFIX_HEADER = YES;
				GCC_PREFIX_HEADER = "UAProgressView-Example/UAProgressView-Example-Prefix.pch";
				INFOPLIST_FILE = "UAProgressView-Example/UAProgressView-Example-Info.plist";
				IPHONEOS_DEPLOYMENT_TARGET = 6.0;
				PRODUCT_NAME = "$(TARGET_NAME)";
				WRAPPER_EXTENSION = app;
			};
			name = Debug;
		};
		E6230C79193296D500669726 /* Release */ = {
			isa = XCBuildConfiguration;
			baseConfigurationReference = 12C2C2C73D17407185AA8523 /* Pods.xcconfig */;
			buildSettings = {
				ASSETCATALOG_COMPILER_APPICON_NAME = AppIcon;
				ASSETCATALOG_COMPILER_LAUNCHIMAGE_NAME = LaunchImage;
				GCC_PRECOMPILE_PREFIX_HEADER = YES;
				GCC_PREFIX_HEADER = "UAProgressView-Example/UAProgressView-Example-Prefix.pch";
				INFOPLIST_FILE = "UAProgressView-Example/UAProgressView-Example-Info.plist";
				IPHONEOS_DEPLOYMENT_TARGET = 6.0;
				PRODUCT_NAME = "$(TARGET_NAME)";
				WRAPPER_EXTENSION = app;
			};
			name = Release;
		};
/* End XCBuildConfiguration section */

/* Begin XCConfigurationList section */
		E6230C40193296D400669726 /* Build configuration list for PBXProject "UAProgressView-Example" */ = {
			isa = XCConfigurationList;
			buildConfigurations = (
				E6230C75193296D500669726 /* Debug */,
				E6230C76193296D500669726 /* Release */,
			);
			defaultConfigurationIsVisible = 0;
			defaultConfigurationName = Release;
		};
		E6230C77193296D500669726 /* Build configuration list for PBXNativeTarget "UAProgressView-Example" */ = {
			isa = XCConfigurationList;
			buildConfigurations = (
				E6230C78193296D500669726 /* Debug */,
				E6230C79193296D500669726 /* Release */,
			);
			defaultConfigurationIsVisible = 0;
			defaultConfigurationName = Release;
		};
/* End XCConfigurationList section */
	};
	rootObject = E6230C3D193296D400669726 /* Project object */;
}
